{
    __meta__ = {
        version = "1.0"
    },
    ["linux|x86_64"] = {
        ["cmake#31fecfc4"] = {
            repo = {
                branch = "master",
                commit = "ae90f6cdc5d558856976f5d7709e875ea0cd02c4",
                url = "https://gitlab.com/tboox/xmake-repo.git"
            },
            version = "3.22.1"
        },
        ["concurrentqueue#31fecfc4"] = {
            branch = "master",
            repo = {
                branch = "master",
                commit = "ae90f6cdc5d558856976f5d7709e875ea0cd02c4",
                url = "https://gitlab.com/tboox/xmake-repo.git"
            },
            version = "master"
        },
        ["cxxopts#31fecfc4"] = {
            repo = {
                branch = "master",
                commit = "ae90f6cdc5d558856976f5d7709e875ea0cd02c4",
                url = "https://gitlab.com/tboox/xmake-repo.git"
            },
            version = "v2.2.0"
        },
        ["fmt#7572102e"] = {
            repo = {
                branch = "master",
                commit = "ae90f6cdc5d558856976f5d7709e875ea0cd02c4",
                url = "https://gitlab.com/tboox/xmake-repo.git"
            },
            version = "8.1.1"
        },
        ["hopscotch-map#31fecfc4"] = {
            repo = {
                branch = "master",
                commit = "ae90f6cdc5d558856976f5d7709e875ea0cd02c4",
                url = "https://gitlab.com/tboox/xmake-repo.git"
            },
            version = "v2.3.0"
        },
        ["libcurl#31fecfc4"] = {
            repo = {
                branch = "master",
                commit = "ae90f6cdc5d558856976f5d7709e875ea0cd02c4",
                url = "https://gitlab.com/tboox/xmake-repo.git"
            },
            version = "7.82.0"
        },
        ["nazaraengine 2021.08.28#31fecfc4"] = {
            repo = {
                url = "xmake-repo"
            },
            version = "2021.08.28"
        },
        ["nazaraengine~server 2021.08.28#e1c6474d"] = {
            repo = {
                url = "xmake-repo"
            },
            version = "2021.08.28"
        },
        ["nlohmann_json#31fecfc4"] = {
            repo = {
                branch = "master",
                commit = "ae90f6cdc5d558856976f5d7709e875ea0cd02c4",
                url = "https://gitlab.com/tboox/xmake-repo.git"
            },
            version = "v3.10.5"
        },
        ["openssl#31fecfc4"] = {
            repo = {
                branch = "master",
                commit = "ae90f6cdc5d558856976f5d7709e875ea0cd02c4",
                url = "https://gitlab.com/tboox/xmake-repo.git"
            },
            version = "1.1.1m"
        },
        ["sol2 v3.2.1#72267bd5"] = {
            repo = {
                branch = "master",
                commit = "ae90f6cdc5d558856976f5d7709e875ea0cd02c4",
                url = "https://gitlab.com/tboox/xmake-repo.git"
            },
            version = "v3.2.1"
        },
        ["tl_expected#31fecfc4"] = {
            repo = {
                branch = "master",
                commit = "ae90f6cdc5d558856976f5d7709e875ea0cd02c4",
                url = "https://gitlab.com/tboox/xmake-repo.git"
            },
            version = "v1.0.0"
        },
        ["tl_function_ref#31fecfc4"] = {
            repo = {
                branch = "master",
                commit = "ae90f6cdc5d558856976f5d7709e875ea0cd02c4",
                url = "https://gitlab.com/tboox/xmake-repo.git"
            },
            version = "v1.0.0"
        }
    },
    ["windows|x64"] = {
        ["cmake#31fecfc4"] = {
            repo = {
                branch = "master",
                commit = "84816643e18c08dc36896a8362c1f2eab945364c",
                url = "https://github.com/xmake-io/xmake-repo.git"
            },
            version = "3.22.1"
        },
        ["concurrentqueue#31fecfc4"] = {
            branch = "master",
            repo = {
                branch = "master",
                commit = "52f61c7e552ca64212ebc7d819faa6692943a52b",
                url = "https://github.com/xmake-io/xmake-repo.git"
            },
            version = "master"
        },
        ["cxxopts#31fecfc4"] = {
            repo = {
                branch = "master",
                commit = "52f61c7e552ca64212ebc7d819faa6692943a52b",
                url = "https://github.com/xmake-io/xmake-repo.git"
            },
            version = "v2.2.0"
        },
        ["efsw#31fecfc4"] = {
            repo = {
                branch = "master",
                commit = "a866090956c8d7375e71feafa27455697fb938b6",
                url = "https://github.com/xmake-io/xmake-repo.git"
            },
            version = "1.1.0"
        },
        ["entt#31fecfc4"] = {
            repo = {
                branch = "master",
                commit = "c62703f4efa4275cab3009a5f41b76ebe3791a92",
                url = "https://github.com/xmake-io/xmake-repo.git"
            },
            version = "v3.9.0"
        },
        ["fmt#7572102e"] = {
            repo = {
                branch = "master",
                commit = "4023b478acb08700c7ddd302d12101f19a4190f6",
                url = "https://github.com/xmake-io/xmake-repo.git"
            },
            version = "8.1.1"
        },
        ["frozen#31fecfc4"] = {
            repo = {
                branch = "master",
                commit = "a73dc9a151cd3d46e8edb8153b800659115726d3",
                url = "https://github.com/xmake-io/xmake-repo.git"
            },
            version = "1.1.1"
        },
        ["hopscotch-map#31fecfc4"] = {
            repo = {
                branch = "master",
                commit = "52f61c7e552ca64212ebc7d819faa6692943a52b",
                url = "https://github.com/xmake-io/xmake-repo.git"
            },
            version = "v2.3.0"
        },
        ["libcurl#31fecfc4"] = {
            repo = {
                branch = "master",
                commit = "4023b478acb08700c7ddd302d12101f19a4190f6",
                url = "https://github.com/xmake-io/xmake-repo.git"
            },
            version = "7.82.0"
        },
        ["nazaraengine#31fecfc4"] = {
            repo = {
                url = "xmake-repo"
            },
            version = "2021.08.28"
        },
        ["nazaraengine~server#df983b2f"] = {
            repo = {
                url = "xmake-repo"
            },
            version = "2021.08.28"
        },
        ["nazarautils#31fecfc4"] = {
            repo = {
                commit = "15982f784152309b48de0111fb3d2e076583b999",
                url = "https://github.com/NazaraEngine/xmake-repo"
            },
            version = "2022.05.26"
        },
        ["nazarautils#c806eb3e"] = {
            repo = {
                commit = "15982f784152309b48de0111fb3d2e076583b999",
                url = "https://github.com/NazaraEngine/xmake-repo"
            },
            version = "2022.05.26"
        },
        ["nlohmann_json#31fecfc4"] = {
            repo = {
                branch = "master",
                commit = "4023b478acb08700c7ddd302d12101f19a4190f6",
                url = "https://github.com/xmake-io/xmake-repo.git"
            },
            version = "v3.10.5"
        },
        ["nzsl#c806eb3e"] = {
            repo = {
                commit = "94c34c4a3a02a0a5de61c0a88a63774c67b83a45",
                url = "https://github.com/NazaraEngine/xmake-repo"
            },
            version = "2022.06.05"
        },
        ["ordered_map#31fecfc4"] = {
            repo = {
                branch = "master",
                commit = "42bf1fa0b15d271c477bfc17315d0a778a256edd",
                url = "https://github.com/xmake-io/xmake-repo.git"
            },
            version = "v1.0.0"
        },
        ["sol2 v3.2.1#72267bd5"] = {
            repo = {
                branch = "master",
                commit = "52f61c7e552ca64212ebc7d819faa6692943a52b",
                url = "https://github.com/xmake-io/xmake-repo.git"
            },
            version = "v3.2.1"
        },
        ["stackwalker master#31fecfc4"] = {
            branch = "master",
            repo = {
                branch = "master",
                commit = "52f61c7e552ca64212ebc7d819faa6692943a52b",
                url = "https://github.com/xmake-io/xmake-repo.git"
            },
            version = "master"
        },
        ["tl_expected#31fecfc4"] = {
            repo = {
                branch = "master",
                commit = "52f61c7e552ca64212ebc7d819faa6692943a52b",
                url = "https://github.com/xmake-io/xmake-repo.git"
            },
            version = "v1.0.0"
        },
        ["tl_function_ref#31fecfc4"] = {
            repo = {
                branch = "master",
                commit = "52f61c7e552ca64212ebc7d819faa6692943a52b",
                url = "https://github.com/xmake-io/xmake-repo.git"
            },
            version = "v1.0.0"
        }
    }
}